// !$*UTF8*$!
{
	archiveVersion = 1;
	classes = {
	};
	objectVersion = 56;
	objects = {

/* Begin PBXBuildFile section */
		594B50342ACFAED20001B360 /* randomColorFunction.swift in Sources */ = {isa = PBXBuildFile; fileRef = 594B50332ACFAED20001B360 /* randomColorFunction.swift */; };
		594B50362ACFAF3D0001B360 /* SettingsView.swift in Sources */ = {isa = PBXBuildFile; fileRef = 594B50352ACFAF3D0001B360 /* SettingsView.swift */; };
		596D7B012AC612BC00BB0935 /* SearchModel.swift in Sources */ = {isa = PBXBuildFile; fileRef = 596D7B002AC612BC00BB0935 /* SearchModel.swift */; };
		596D7B032AC614EC00BB0935 /* JokesSearchView.swift in Sources */ = {isa = PBXBuildFile; fileRef = 596D7B022AC614EC00BB0935 /* JokesSearchView.swift */; };
		596D7B052AC6158A00BB0935 /* JokesSearchViewModel.swift in Sources */ = {isa = PBXBuildFile; fileRef = 596D7B042AC6158A00BB0935 /* JokesSearchViewModel.swift */; };
		59D2B7422AD88912005E6558 /* MapJokeView.swift in Sources */ = {isa = PBXBuildFile; fileRef = 59D2B7412AD88911005E6558 /* MapJokeView.swift */; };
		59D2B7442AD88BDA005E6558 /* CountriesModel.swift in Sources */ = {isa = PBXBuildFile; fileRef = 59D2B7432AD88BDA005E6558 /* CountriesModel.swift */; };
		59D2B7462AD88D07005E6558 /* MapJokeViewModel.swift in Sources */ = {isa = PBXBuildFile; fileRef = 59D2B7452AD88D07005E6558 /* MapJokeViewModel.swift */; };
		59D2B7482AD894AC005E6558 /* CountryJokeView.swift in Sources */ = {isa = PBXBuildFile; fileRef = 59D2B7472AD894AC005E6558 /* CountryJokeView.swift */; };
		59F9BD352ABCCE40007AD233 /* HW4_ChuckNorris_JokesAppApp.swift in Sources */ = {isa = PBXBuildFile; fileRef = 59F9BD342ABCCE40007AD233 /* HW4_ChuckNorris_JokesAppApp.swift */; };
		59F9BD372ABCCE40007AD233 /* ContentView.swift in Sources */ = {isa = PBXBuildFile; fileRef = 59F9BD362ABCCE40007AD233 /* ContentView.swift */; };
		59F9BD392ABCCE41007AD233 /* Assets.xcassets in Resources */ = {isa = PBXBuildFile; fileRef = 59F9BD382ABCCE41007AD233 /* Assets.xcassets */; };
		59F9BD3C2ABCCE41007AD233 /* Preview Assets.xcassets in Resources */ = {isa = PBXBuildFile; fileRef = 59F9BD3B2ABCCE41007AD233 /* Preview Assets.xcassets */; };
		59F9BD602ABCE8A4007AD233 /* JokeModel.swift in Sources */ = {isa = PBXBuildFile; fileRef = 59F9BD5F2ABCE8A4007AD233 /* JokeModel.swift */; };
		59F9BD622ABCE931007AD233 /* CategoriesViewModel.swift in Sources */ = {isa = PBXBuildFile; fileRef = 59F9BD612ABCE931007AD233 /* CategoriesViewModel.swift */; };
		59F9BD642ABCE9F6007AD233 /* JokeViewModel.swift in Sources */ = {isa = PBXBuildFile; fileRef = 59F9BD632ABCE9F6007AD233 /* JokeViewModel.swift */; };
		59F9BD682ABCEB84007AD233 /* CategoriesNewView.swift in Sources */ = {isa = PBXBuildFile; fileRef = 59F9BD672ABCEB84007AD233 /* CategoriesNewView.swift */; };
		59F9BD6A2ABCEC34007AD233 /* JokeNewView.swift in Sources */ = {isa = PBXBuildFile; fileRef = 59F9BD692ABCEC34007AD233 /* JokeNewView.swift */; };
/* End PBXBuildFile section */

/* Begin PBXFileReference section */
		594B50332ACFAED20001B360 /* randomColorFunction.swift */ = {isa = PBXFileReference; lastKnownFileType = sourcecode.swift; path = randomColorFunction.swift; sourceTree = "<group>"; };
		594B50352ACFAF3D0001B360 /* SettingsView.swift */ = {isa = PBXFileReference; lastKnownFileType = sourcecode.swift; path = SettingsView.swift; sourceTree = "<group>"; };
		596D7B002AC612BC00BB0935 /* SearchModel.swift */ = {isa = PBXFileReference; lastKnownFileType = sourcecode.swift; path = SearchModel.swift; sourceTree = "<group>"; };
		596D7B022AC614EC00BB0935 /* JokesSearchView.swift */ = {isa = PBXFileReference; lastKnownFileType = sourcecode.swift; path = JokesSearchView.swift; sourceTree = "<group>"; };
		596D7B042AC6158A00BB0935 /* JokesSearchViewModel.swift */ = {isa = PBXFileReference; lastKnownFileType = sourcecode.swift; path = JokesSearchViewModel.swift; sourceTree = "<group>"; };
		59D2B7412AD88911005E6558 /* MapJokeView.swift */ = {isa = PBXFileReference; lastKnownFileType = sourcecode.swift; path = MapJokeView.swift; sourceTree = "<group>"; };
		59D2B7432AD88BDA005E6558 /* CountriesModel.swift */ = {isa = PBXFileReference; lastKnownFileType = sourcecode.swift; path = CountriesModel.swift; sourceTree = "<group>"; };
		59D2B7452AD88D07005E6558 /* MapJokeViewModel.swift */ = {isa = PBXFileReference; lastKnownFileType = sourcecode.swift; path = MapJokeViewModel.swift; sourceTree = "<group>"; };
		59D2B7472AD894AC005E6558 /* CountryJokeView.swift */ = {isa = PBXFileReference; lastKnownFileType = sourcecode.swift; path = CountryJokeView.swift; sourceTree = "<group>"; };
		59F9BD312ABCCE40007AD233 /* HW4-ChuckNorris-JokesApp.app */ = {isa = PBXFileReference; explicitFileType = wrapper.application; includeInIndex = 0; path = "HW4-ChuckNorris-JokesApp.app"; sourceTree = BUILT_PRODUCTS_DIR; };
		59F9BD342ABCCE40007AD233 /* HW4_ChuckNorris_JokesAppApp.swift */ = {isa = PBXFileReference; lastKnownFileType = sourcecode.swift; path = HW4_ChuckNorris_JokesAppApp.swift; sourceTree = "<group>"; };
		59F9BD362ABCCE40007AD233 /* ContentView.swift */ = {isa = PBXFileReference; lastKnownFileType = sourcecode.swift; path = ContentView.swift; sourceTree = "<group>"; };
		59F9BD382ABCCE41007AD233 /* Assets.xcassets */ = {isa = PBXFileReference; lastKnownFileType = folder.assetcatalog; path = Assets.xcassets; sourceTree = "<group>"; };
		59F9BD3B2ABCCE41007AD233 /* Preview Assets.xcassets */ = {isa = PBXFileReference; lastKnownFileType = folder.assetcatalog; path = "Preview Assets.xcassets"; sourceTree = "<group>"; };
		59F9BD5F2ABCE8A4007AD233 /* JokeModel.swift */ = {isa = PBXFileReference; lastKnownFileType = sourcecode.swift; path = JokeModel.swift; sourceTree = "<group>"; };
		59F9BD612ABCE931007AD233 /* CategoriesViewModel.swift */ = {isa = PBXFileReference; lastKnownFileType = sourcecode.swift; path = CategoriesViewModel.swift; sourceTree = "<group>"; };
		59F9BD632ABCE9F6007AD233 /* JokeViewModel.swift */ = {isa = PBXFileReference; lastKnownFileType = sourcecode.swift; path = JokeViewModel.swift; sourceTree = "<group>"; };
		59F9BD672ABCEB84007AD233 /* CategoriesNewView.swift */ = {isa = PBXFileReference; lastKnownFileType = sourcecode.swift; path = CategoriesNewView.swift; sourceTree = "<group>"; };
		59F9BD692ABCEC34007AD233 /* JokeNewView.swift */ = {isa = PBXFileReference; lastKnownFileType = sourcecode.swift; path = JokeNewView.swift; sourceTree = "<group>"; };
/* End PBXFileReference section */

/* Begin PBXFrameworksBuildPhase section */
		59F9BD2E2ABCCE40007AD233 /* Frameworks */ = {
			isa = PBXFrameworksBuildPhase;
			buildActionMask = 2147483647;
			files = (
			);
			runOnlyForDeploymentPostprocessing = 0;
		};
/* End PBXFrameworksBuildPhase section */

/* Begin PBXGroup section */
		594B50322ACFAE960001B360 /* Helpers */ = {
			isa = PBXGroup;
			children = (
				594B50332ACFAED20001B360 /* randomColorFunction.swift */,
			);
			path = Helpers;
			sourceTree = "<group>";
		};
		59F9BD282ABCCE3F007AD233 = {
			isa = PBXGroup;
			children = (
				59F9BD332ABCCE40007AD233 /* HW4-ChuckNorris-JokesApp */,
				59F9BD322ABCCE40007AD233 /* Products */,
			);
			sourceTree = "<group>";
		};
		59F9BD322ABCCE40007AD233 /* Products */ = {
			isa = PBXGroup;
			children = (
				59F9BD312ABCCE40007AD233 /* HW4-ChuckNorris-JokesApp.app */,
			);
			name = Products;
			sourceTree = "<group>";
		};
		59F9BD332ABCCE40007AD233 /* HW4-ChuckNorris-JokesApp */ = {
			isa = PBXGroup;
			children = (
				594B50322ACFAE960001B360 /* Helpers */,
				59F9BD5E2ABCE886007AD233 /* ViewModel */,
				59F9BD5D2ABCE87F007AD233 /* View */,
				59F9BD5C2ABCE873007AD233 /* Model */,
				59F9BD342ABCCE40007AD233 /* HW4_ChuckNorris_JokesAppApp.swift */,
				59F9BD362ABCCE40007AD233 /* ContentView.swift */,
				59F9BD382ABCCE41007AD233 /* Assets.xcassets */,
				59F9BD3A2ABCCE41007AD233 /* Preview Content */,
			);
			path = "HW4-ChuckNorris-JokesApp";
			sourceTree = "<group>";
		};
		59F9BD3A2ABCCE41007AD233 /* Preview Content */ = {
			isa = PBXGroup;
			children = (
				59F9BD3B2ABCCE41007AD233 /* Preview Assets.xcassets */,
			);
			path = "Preview Content";
			sourceTree = "<group>";
		};
		59F9BD5C2ABCE873007AD233 /* Model */ = {
			isa = PBXGroup;
			children = (
				59F9BD5F2ABCE8A4007AD233 /* JokeModel.swift */,
				596D7B002AC612BC00BB0935 /* SearchModel.swift */,
				59D2B7432AD88BDA005E6558 /* CountriesModel.swift */,
			);
			path = Model;
			sourceTree = "<group>";
		};
		59F9BD5D2ABCE87F007AD233 /* View */ = {
			isa = PBXGroup;
			children = (
				59F9BD672ABCEB84007AD233 /* CategoriesNewView.swift */,
				59F9BD692ABCEC34007AD233 /* JokeNewView.swift */,
				596D7B022AC614EC00BB0935 /* JokesSearchView.swift */,
				594B50352ACFAF3D0001B360 /* SettingsView.swift */,
				59D2B7412AD88911005E6558 /* MapJokeView.swift */,
				59D2B7472AD894AC005E6558 /* CountryJokeView.swift */,
			);
			path = View;
			sourceTree = "<group>";
		};
		59F9BD5E2ABCE886007AD233 /* ViewModel */ = {
			isa = PBXGroup;
			children = (
				59F9BD612ABCE931007AD233 /* CategoriesViewModel.swift */,
				59F9BD632ABCE9F6007AD233 /* JokeViewModel.swift */,
				596D7B042AC6158A00BB0935 /* JokesSearchViewModel.swift */,
				59D2B7452AD88D07005E6558 /* MapJokeViewModel.swift */,
			);
			path = ViewModel;
			sourceTree = "<group>";
		};
/* End PBXGroup section */

/* Begin PBXNativeTarget section */
		59F9BD302ABCCE40007AD233 /* HW4-ChuckNorris-JokesApp */ = {
			isa = PBXNativeTarget;
			buildConfigurationList = 59F9BD3F2ABCCE41007AD233 /* Build configuration list for PBXNativeTarget "HW4-ChuckNorris-JokesApp" */;
			buildPhases = (
				59F9BD2D2ABCCE40007AD233 /* Sources */,
				59F9BD2E2ABCCE40007AD233 /* Frameworks */,
				59F9BD2F2ABCCE40007AD233 /* Resources */,
			);
			buildRules = (
			);
			dependencies = (
			);
			name = "HW4-ChuckNorris-JokesApp";
			productName = "HW4-ChuckNorris-JokesApp";
			productReference = 59F9BD312ABCCE40007AD233 /* HW4-ChuckNorris-JokesApp.app */;
			productType = "com.apple.product-type.application";
		};
/* End PBXNativeTarget section */

/* Begin PBXProject section */
		59F9BD292ABCCE3F007AD233 /* Project object */ = {
			isa = PBXProject;
			attributes = {
				BuildIndependentTargetsInParallel = 1;
				LastSwiftUpdateCheck = 1430;
				LastUpgradeCheck = 1430;
				TargetAttributes = {
					59F9BD302ABCCE40007AD233 = {
						CreatedOnToolsVersion = 14.3.1;
					};
				};
			};
			buildConfigurationList = 59F9BD2C2ABCCE3F007AD233 /* Build configuration list for PBXProject "HW4-ChuckNorris-JokesApp" */;
			compatibilityVersion = "Xcode 14.0";
			developmentRegion = en;
			hasScannedForEncodings = 0;
			knownRegions = (
				en,
				Base,
			);
			mainGroup = 59F9BD282ABCCE3F007AD233;
			productRefGroup = 59F9BD322ABCCE40007AD233 /* Products */;
			projectDirPath = "";
			projectRoot = "";
			targets = (
				59F9BD302ABCCE40007AD233 /* HW4-ChuckNorris-JokesApp */,
			);
		};
/* End PBXProject section */

/* Begin PBXResourcesBuildPhase section */
		59F9BD2F2ABCCE40007AD233 /* Resources */ = {
			isa = PBXResourcesBuildPhase;
			buildActionMask = 2147483647;
			files = (
				59F9BD3C2ABCCE41007AD233 /* Preview Assets.xcassets in Resources */,
				59F9BD392ABCCE41007AD233 /* Assets.xcassets in Resources */,
			);
			runOnlyForDeploymentPostprocessing = 0;
		};
/* End PBXResourcesBuildPhase section */

/* Begin PBXSourcesBuildPhase section */
		59F9BD2D2ABCCE40007AD233 /* Sources */ = {
			isa = PBXSourcesBuildPhase;
			buildActionMask = 2147483647;
			files = (
				59F9BD6A2ABCEC34007AD233 /* JokeNewView.swift in Sources */,
				59D2B7462AD88D07005E6558 /* MapJokeViewModel.swift in Sources */,
				59F9BD642ABCE9F6007AD233 /* JokeViewModel.swift in Sources */,
				59D2B7442AD88BDA005E6558 /* CountriesModel.swift in Sources */,
				596D7B032AC614EC00BB0935 /* JokesSearchView.swift in Sources */,
				59F9BD682ABCEB84007AD233 /* CategoriesNewView.swift in Sources */,
				594B50342ACFAED20001B360 /* randomColorFunction.swift in Sources */,
				596D7B012AC612BC00BB0935 /* SearchModel.swift in Sources */,
				59D2B7482AD894AC005E6558 /* CountryJokeView.swift in Sources */,
				596D7B052AC6158A00BB0935 /* JokesSearchViewModel.swift in Sources */,
				59F9BD372ABCCE40007AD233 /* ContentView.swift in Sources */,
				59F9BD352ABCCE40007AD233 /* HW4_ChuckNorris_JokesAppApp.swift in Sources */,
				594B50362ACFAF3D0001B360 /* SettingsView.swift in Sources */,
				59F9BD622ABCE931007AD233 /* CategoriesViewModel.swift in Sources */,
				59F9BD602ABCE8A4007AD233 /* JokeModel.swift in Sources */,
				59D2B7422AD88912005E6558 /* MapJokeView.swift in Sources */,
			);
			runOnlyForDeploymentPostprocessing = 0;
		};
/* End PBXSourcesBuildPhase section */

/* Begin XCBuildConfiguration section */
		59F9BD3D2ABCCE41007AD233 /* Debug */ = {
			isa = XCBuildConfiguration;
			buildSettings = {
				ALWAYS_SEARCH_USER_PATHS = NO;
				CLANG_ANALYZER_NONNULL = YES;
				CLANG_ANALYZER_NUMBER_OBJECT_CONVERSION = YES_AGGRESSIVE;
				CLANG_CXX_LANGUAGE_STANDARD = "gnu++20";
				CLANG_ENABLE_MODULES = YES;
				CLANG_ENABLE_OBJC_ARC = YES;
				CLANG_ENABLE_OBJC_WEAK = YES;
				CLANG_WARN_BLOCK_CAPTURE_AUTORELEASING = YES;
				CLANG_WARN_BOOL_CONVERSION = YES;
				CLANG_WARN_COMMA = YES;
				CLANG_WARN_CONSTANT_CONVERSION = YES;
				CLANG_WARN_DEPRECATED_OBJC_IMPLEMENTATIONS = YES;
				CLANG_WARN_DIRECT_OBJC_ISA_USAGE = YES_ERROR;
				CLANG_WARN_DOCUMENTATION_COMMENTS = YES;
				CLANG_WARN_EMPTY_BODY = YES;
				CLANG_WARN_ENUM_CONVERSION = YES;
				CLANG_WARN_INFINITE_RECURSION = YES;
				CLANG_WARN_INT_CONVERSION = YES;
				CLANG_WARN_NON_LITERAL_NULL_CONVERSION = YES;
				CLANG_WARN_OBJC_IMPLICIT_RETAIN_SELF = YES;
				CLANG_WARN_OBJC_LITERAL_CONVERSION = YES;
				CLANG_WARN_OBJC_ROOT_CLASS = YES_ERROR;
				CLANG_WARN_QUOTED_INCLUDE_IN_FRAMEWORK_HEADER = YES;
				CLANG_WARN_RANGE_LOOP_ANALYSIS = YES;
				CLANG_WARN_STRICT_PROTOTYPES = YES;
				CLANG_WARN_SUSPICIOUS_MOVE = YES;
				CLANG_WARN_UNGUARDED_AVAILABILITY = YES_AGGRESSIVE;
				CLANG_WARN_UNREACHABLE_CODE = YES;
				CLANG_WARN__DUPLICATE_METHOD_MATCH = YES;
				COPY_PHASE_STRIP = NO;
				DEBUG_INFORMATION_FORMAT = dwarf;
				ENABLE_STRICT_OBJC_MSGSEND = YES;
				ENABLE_TESTABILITY = YES;
				GCC_C_LANGUAGE_STANDARD = gnu11;
				GCC_DYNAMIC_NO_PIC = NO;
				GCC_NO_COMMON_BLOCKS = YES;
				GCC_OPTIMIZATION_LEVEL = 0;
				GCC_PREPROCESSOR_DEFINITIONS = (
					"DEBUG=1",
					"$(inherited)",
				);
				GCC_WARN_64_TO_32_BIT_CONVERSION = YES;
				GCC_WARN_ABOUT_RETURN_TYPE = YES_ERROR;
				GCC_WARN_UNDECLARED_SELECTOR = YES;
				GCC_WARN_UNINITIALIZED_AUTOS = YES_AGGRESSIVE;
				GCC_WARN_UNUSED_FUNCTION = YES;
				GCC_WARN_UNUSED_VARIABLE = YES;
				IPHONEOS_DEPLOYMENT_TARGET = 16.4;
				MTL_ENABLE_DEBUG_INFO = INCLUDE_SOURCE;
				MTL_FAST_MATH = YES;
				ONLY_ACTIVE_ARCH = YES;
				SDKROOT = iphoneos;
				SWIFT_ACTIVE_COMPILATION_CONDITIONS = DEBUG;
				SWIFT_OPTIMIZATION_LEVEL = "-Onone";
			};
			name = Debug;
		};
		59F9BD3E2ABCCE41007AD233 /* Release */ = {
			isa = XCBuildConfiguration;
			buildSettings = {
				ALWAYS_SEARCH_USER_PATHS = NO;
				CLANG_ANALYZER_NONNULL = YES;
				CLANG_ANALYZER_NUMBER_OBJECT_CONVERSION = YES_AGGRESSIVE;
				CLANG_CXX_LANGUAGE_STANDARD = "gnu++20";
				CLANG_ENABLE_MODULES = YES;
				CLANG_ENABLE_OBJC_ARC = YES;
				CLANG_ENABLE_OBJC_WEAK = YES;
				CLANG_WARN_BLOCK_CAPTURE_AUTORELEASING = YES;
				CLANG_WARN_BOOL_CONVERSION = YES;
				CLANG_WARN_COMMA = YES;
				CLANG_WARN_CONSTANT_CONVERSION = YES;
				CLANG_WARN_DEPRECATED_OBJC_IMPLEMENTATIONS = YES;
				CLANG_WARN_DIRECT_OBJC_ISA_USAGE = YES_ERROR;
				CLANG_WARN_DOCUMENTATION_COMMENTS = YES;
				CLANG_WARN_EMPTY_BODY = YES;
				CLANG_WARN_ENUM_CONVERSION = YES;
				CLANG_WARN_INFINITE_RECURSION = YES;
				CLANG_WARN_INT_CONVERSION = YES;
				CLANG_WARN_NON_LITERAL_NULL_CONVERSION = YES;
				CLANG_WARN_OBJC_IMPLICIT_RETAIN_SELF = YES;
				CLANG_WARN_OBJC_LITERAL_CONVERSION = YES;
				CLANG_WARN_OBJC_ROOT_CLASS = YES_ERROR;
				CLANG_WARN_QUOTED_INCLUDE_IN_FRAMEWORK_HEADER = YES;
				CLANG_WARN_RANGE_LOOP_ANALYSIS = YES;
				CLANG_WARN_STRICT_PROTOTYPES = YES;
				CLANG_WARN_SUSPICIOUS_MOVE = YES;
				CLANG_WARN_UNGUARDED_AVAILABILITY = YES_AGGRESSIVE;
				CLANG_WARN_UNREACHABLE_CODE = YES;
				CLANG_WARN__DUPLICATE_METHOD_MATCH = YES;
				COPY_PHASE_STRIP = NO;
				DEBUG_INFORMATION_FORMAT = "dwarf-with-dsym";
				ENABLE_NS_ASSERTIONS = NO;
				ENABLE_STRICT_OBJC_MSGSEND = YES;
				GCC_C_LANGUAGE_STANDARD = gnu11;
				GCC_NO_COMMON_BLOCKS = YES;
				GCC_WARN_64_TO_32_BIT_CONVERSION = YES;
				GCC_WARN_ABOUT_RETURN_TYPE = YES_ERROR;
				GCC_WARN_UNDECLARED_SELECTOR = YES;
				GCC_WARN_UNINITIALIZED_AUTOS = YES_AGGRESSIVE;
				GCC_WARN_UNUSED_FUNCTION = YES;
				GCC_WARN_UNUSED_VARIABLE = YES;
				IPHONEOS_DEPLOYMENT_TARGET = 16.4;
				MTL_ENABLE_DEBUG_INFO = NO;
				MTL_FAST_MATH = YES;
				SDKROOT = iphoneos;
				SWIFT_COMPILATION_MODE = wholemodule;
				SWIFT_OPTIMIZATION_LEVEL = "-O";
				VALIDATE_PRODUCT = YES;
			};
			name = Release;
		};
		59F9BD402ABCCE41007AD233 /* Debug */ = {
			isa = XCBuildConfiguration;
			buildSettings = {
				ASSETCATALOG_COMPILER_APPICON_NAME = AppIcon;
				ASSETCATALOG_COMPILER_GLOBAL_ACCENT_COLOR_NAME = AccentColor;
				CODE_SIGN_STYLE = Automatic;
				CURRENT_PROJECT_VERSION = 1;
				DEVELOPMENT_ASSET_PATHS = "\"HW4-ChuckNorris-JokesApp/Preview Content\"";
				ENABLE_PREVIEWS = YES;
				GENERATE_INFOPLIST_FILE = YES;
				INFOPLIST_KEY_UIApplicationSceneManifest_Generation = YES;
				INFOPLIST_KEY_UIApplicationSupportsIndirectInputEvents = YES;
				INFOPLIST_KEY_UILaunchScreen_Generation = YES;
				INFOPLIST_KEY_UISupportedInterfaceOrientations_iPad = "UIInterfaceOrientationPortrait UIInterfaceOrientationPortraitUpsideDown UIInterfaceOrientationLandscapeLeft UIInterfaceOrientationLandscapeRight";
				INFOPLIST_KEY_UISupportedInterfaceOrientations_iPhone = "UIInterfaceOrientationPortrait UIInterfaceOrientationLandscapeLeft UIInterfaceOrientationLandscapeRight";
				IPHONEOS_DEPLOYMENT_TARGET = 17.0;
				LD_RUNPATH_SEARCH_PATHS = (
					"$(inherited)",
					"@executable_path/Frameworks",
				);
				MARKETING_VERSION = 1.0;
				PRODUCT_BUNDLE_IDENTIFIER = "temp-xcode.HW4-ChuckNorris-JokesApp";
				PRODUCT_NAME = "$(TARGET_NAME)";
				SWIFT_EMIT_LOC_STRINGS = YES;
				SWIFT_VERSION = 5.0;
				TARGETED_DEVICE_FAMILY = "1,2";
			};
			name = Debug;
		};
		59F9BD412ABCCE41007AD233 /* Release */ = {
			isa = XCBuildConfiguration;
			buildSettings = {
				ASSETCATALOG_COMPILER_APPICON_NAME = AppIcon;
				ASSETCATALOG_COMPILER_GLOBAL_ACCENT_COLOR_NAME = AccentColor;
				CODE_SIGN_STYLE = Automatic;
				CURRENT_PROJECT_VERSION = 1;
				DEVELOPMENT_ASSET_PATHS = "\"HW4-ChuckNorris-JokesApp/Preview Content\"";
				ENABLE_PREVIEWS = YES;
				GENERATE_INFOPLIST_FILE = YES;
				INFOPLIST_KEY_UIApplicationSceneManifest_Generation = YES;
				INFOPLIST_KEY_UIApplicationSupportsIndirectInputEvents = YES;
				INFOPLIST_KEY_UILaunchScreen_Generation = YES;
				INFOPLIST_KEY_UISupportedInterfaceOrientations_iPad = "UIInterfaceOrientationPortrait UIInterfaceOrientationPortraitUpsideDown UIInterfaceOrientationLandscapeLeft UIInterfaceOrientationLandscapeRight";
				INFOPLIST_KEY_UISupportedInterfaceOrientations_iPhone = "UIInterfaceOrientationPortrait UIInterfaceOrientationLandscapeLeft UIInterfaceOrientationLandscapeRight";
				IPHONEOS_DEPLOYMENT_TARGET = 17.0;
				LD_RUNPATH_SEARCH_PATHS = (
					"$(inherited)",
					"@executable_path/Frameworks",
				);
				MARKETING_VERSION = 1.0;
				PRODUCT_BUNDLE_IDENTIFIER = "temp-xcode.HW4-ChuckNorris-JokesApp";
				PRODUCT_NAME = "$(TARGET_NAME)";
				SWIFT_EMIT_LOC_STRINGS = YES;
				SWIFT_VERSION = 5.0;
				TARGETED_DEVICE_FAMILY = "1,2";
			};
			name = Release;
		};
/* End XCBuildConfiguration section */

/* Begin XCConfigurationList section */
		59F9BD2C2ABCCE3F007AD233 /* Build configuration list for PBXProject "HW4-ChuckNorris-JokesApp" */ = {
			isa = XCConfigurationList;
			buildConfigurations = (
				59F9BD3D2ABCCE41007AD233 /* Debug */,
				59F9BD3E2ABCCE41007AD233 /* Release */,
			);
			defaultConfigurationIsVisible = 0;
			defaultConfigurationName = Release;
		};
		59F9BD3F2ABCCE41007AD233 /* Build configuration list for PBXNativeTarget "HW4-ChuckNorris-JokesApp" */ = {
			isa = XCConfigurationList;
			buildConfigurations = (
				59F9BD402ABCCE41007AD233 /* Debug */,
				59F9BD412ABCCE41007AD233 /* Release */,
			);
			defaultConfigurationIsVisible = 0;
			defaultConfigurationName = Release;
		};
/* End XCConfigurationList section */
	};
	rootObject = 59F9BD292ABCCE3F007AD233 /* Project object */;
}
